version = 1
revision = 3
requires-python = ">=3.14"

[[package]]
name = "ai-engineer-llm"
version = "0.1.0"
source = { virtual = "." }
dependencies = [
    { name = "anthropic" },
    { name = "openai" },
    { name = "python-dotenv" },
]

[package.metadata]
requires-dist = [
    { name = "anthropic", specifier = ">=0.95.0" },
    { name = "openai", specifier = ">=2.32.0" },
    { name = "python-dotenv", specifier = ">=1.2.2" },
]

[[package]]
name = "annotated-types"
version = "0.7.0"
source = { registry = "https://pypi.org/simple" }
sdist = { url = "https://files.pythonhosted.org/packages/ee/67/531ea369ba64dcff5ec9c3402f9f51bf748cec26dde048a2f973a4eea7f5/annotated_types-0.7.0.tar.gz", hash = "sha256:aff07c09a53a08bc8cfccb9c85b05f1aa9a2a6f23728d790723543408344ce89", size = 16081, upload-time = "2024-05-20T21:33:25.928Z" }
wheels = [
    { url = "https://files.pythonhosted.org/packages/78/b6/6307fbef88d9b5ee7421e68d78a9f162e0da4900bc5f5793f6d3d0e34fb8/annotated_types-0.7.0-py3-none-any.whl", hash = "sha256:1f02e8b43a8fbbc3f3e0d4f0f4bfc8131bcb4eebe8849b8e5c773f3a1c582a53", size = 13643, upload-time = "2024-05-20T21:33:24.1Z" },
]

[[package]]
name = "anthropic"
version = "0.95.0"
source = { registry = "https://pypi.org/simple" }
dependencies = [
    { name = "anyio" },
    { name = "distro" },
    { name = "docstring-parser" },
    { name = "httpx" },
    { name = "jiter" },
    { name = "pydantic" },
    { name = "sniffio" },
    { name = "typing-extensions" },
]
sdist = { url = "https://files.pythonhosted.org/packages/f0/cb/b1896da12f12680c39c90af1b9c9fdf75354899317e2a7900ab37fe3a640/anthropic-0.95.0.tar.gz", hash = "sha256:e4d815351489e5627f39806f12561c52b574e69be10d12fcab723264f955c11d", size = 654528, upload-time = "2026-04-14T19:04:34.114Z" }
wheels = [
    { url = "https://files.pythonhosted.org/packages/64/29/a0285521eeaacf9ff5d0fad2d437389aefa0adf3db79b0e0bda49f809ce9/anthropic-0.95.0-py3-none-any.whl", hash = "sha256:9fd3503cb666446e28ab5a5d0ec7feda39968399e494bd2cca2f0b927f8aa7a6", size = 627749, upload-time = "2026-04-14T19:04:35.549Z" },
]

[[package]]
name = "anyio"
version = "4.13.0"
source = { registry = "https://pypi.org/simple" }
dependencies = [
    { name = "idna" },
]
sdist = { url = "https://files.pythonhosted.org/packages/19/14/2c5dd9f512b66549ae92767a9c7b330ae88e1932ca57876909410251fe13/anyio-4.13.0.tar.gz", hash = "sha256:334b70e641fd2221c1505b3890c69882fe4a2df910cba14d97019b90b24439dc", size = 231622, upload-time = "2026-03-24T12:59:09.671Z" }
wheels = [
    { url = "https://files.pythonhosted.org/packages/da/42/e921fccf5015463e32a3cf6ee7f980a6ed0f395ceeaa45060b61d86486c2/anyio-4.13.0-py3-none-any.whl", hash = "sha256:08b310f9e24a9594186fd75b4f73f4a4152069e3853f1ed8bfbf58369f4ad708", size = 114353, upload-time = "2026-03-24T12:59:08.246Z" },
]

[[package]]
name = "certifi"
version = "2026.2.25"
source = { registry = "https://pypi.org/simple" }
sdist = { url = "https://files.pythonhosted.org/packages/af/2d/7bf41579a8986e348fa033a31cdd0e4121114f6bce2457e8876010b092dd/certifi-2026.2.25.tar.gz", hash = "sha256:e887ab5cee78ea814d3472169153c2d12cd43b14bd03329a39a9c6e2e80bfba7", size = 155029, upload-time = "2026-02-25T02:54:17.342Z" }
wheels = [
    { url = "https://files.pythonhosted.org/packages/9a/3c/c17fb3ca2d9c3acff52e30b309f538586f9f5b9c9cf454f3845fc9af4881/certifi-2026.2.25-py3-none-any.whl", hash = "sha256:027692e4402ad994f1c42e52a4997a9763c646b73e4096e4d5d6db8af1d6f0fa", size = 153684, upload-time = "2026-02-25T02:54:15.766Z" },
]

[[package]]
name = "colorama"
version = "0.4.6"
source = { registry = "https://pypi.org/simple" }
sdist = { url = "https://files.pythonhosted.org/packages/d8/53/6f443c9a4a8358a93a6792e2acffb9d9d5cb0a5cfd8802644b7b1c9a02e4/colorama-0.4.6.tar.gz", hash = "sha256:08695f5cb7ed6e0531a20572697297273c47b8cae5a63ffc6d6ed5c201be6e44", size = 27697, upload-time = "2022-10-25T02:36:22.414Z" }
wheels = [
    { url = "https://files.pythonhosted.org/packages/d1/d6/3965ed04c63042e047cb6a3e6ed1a63a35087b6a609aa3a15ed8ac56c221/colorama-0.4.6-py2.py3-none-any.whl", hash = "sha256:4f1d9991f5acc0ca119f9d443620b77f9d6b33703e51011c16baf57afb285fc6", size = 25335, upload-time = "2022-10-25T02:36:20.889Z" },
]

[[package]]
name = "distro"
version = "1.9.0"
source = { registry = "https://pypi.org/simple" }
sdist = { url = "https://files.pythonhosted.org/packages/fc/f8/98eea607f65de6527f8a2e8885fc8015d3e6f5775df186e443e0964a11c3/distro-1.9.0.tar.gz", hash = "sha256:2fa77c6fd8940f116ee1d6b94a2f90b13b5ea8d019b98bc8bafdcabcdd9bdbed", size = 60722, upload-time = "2023-12-24T09:54:32.31Z" }
wheels = [
    { url = "https://files.pythonhosted.org/packages/12/b3/231ffd4ab1fc9d679809f356cebee130ac7daa00d6d6f3206dd4fd137e9e/distro-1.9.0-py3-none-any.whl", hash = "sha256:7bffd925d65168f85027d8da9af6bddab658135b840670a223589bc0c8ef02b2", size = 20277, upload-time = "2023-12-24T09:54:30.421Z" },
]

[[package]]
name = "docstring-parser"
version = "0.18.0"
source = { registry = "https://pypi.org/simple" }
sdist = { url = "https://files.pythonhosted.org/packages/e0/4d/f332313098c1de1b2d2ff91cf2674415cc7cddab2ca1b01ae29774bd5fdf/docstring_parser-0.18.0.tar.gz", hash = "sha256:292510982205c12b1248696f44959db3cdd1740237a968ea1e2e7a900eeb2015", size = 29341, upload-time = "2026-04-14T04:09:19.867Z" }
wheels = [
    { url = "https://files.pythonhosted.org/packages/a7/5f/ed01f9a3cdffbd5a008556fc7b2a08ddb1cc6ace7effa7340604b1d16699/docstring_parser-0.18.0-py3-none-any.whl", hash = "sha256:b3fcbed555c47d8479be0796ef7e19c2670d428d72e96da63f3a40122860374b", size = 22484, upload-time = "2026-04-14T04:09:18.638Z" },
]

[[package]]
name = "h11"
version = "0.16.0"
source = { registry = "https://pypi.org/simple" }
sdist = { url = "https://files.pythonhosted.org/packages/01/ee/02a2c011bdab74c6fb3c75474d40b3052059d95df7e73351460c8588d963/h11-0.16.0.tar.gz", hash = "sha256:4e35b956cf45792e4caa5885e69fba00bdbc6ffafbfa020300e549b208ee5ff1", size = 101250, upload-time = "2025-04-24T03:35:25.427Z" }
wheels = [
    { url = "https://files.pythonhosted.org/packages/04/4b/29cac41a4d98d144bf5f6d33995617b185d14b22401f75ca86f384e87ff1/h11-0.16.0-py3-none-any.whl", hash = "sha256:63cf8bbe7522de3bf65932fda1d9c2772064ffb3dae62d55932da54b31cb6c86", size = 37515, upload-time = "2025-04-24T03:35:24.344Z" },
]

[[package]]
name = "httpcore"
version = "1.0.9"
source = { registry = "https://pypi.org/simple" }
dependencies = [
    { name = "certifi" },
    { name = "h11" },
]
sdist = { url = "https://files.pythonhosted.org/packages/06/94/82699a10bca87a5556c9c59b5963f2d039dbd239f25bc2a63907a05a14cb/httpcore-1.0.9.tar.gz", hash = "sha256:6e34463af53fd2ab5d807f399a9b45ea31c3dfa2276f15a2c3f00afff6e176e8", size = 85484, upload-time = "2025-04-24T22:06:22.219Z" }
wheels = [
    { url = "https://files.pythonhosted.org/packages/7e/f5/f66802a942d491edb555dd61e3a9961140fd64c90bce1eafd741609d334d/httpcore-1.0.9-py3-none-any.whl", hash = "sha256:2d400746a40668fc9dec9810239072b40b4484b640a8c38fd654a024c7a1bf55", size = 78784, upload-time = "2025-04-24T22:06:20.566Z" },
]

[[package]]
name = "httpx"
version = "0.28.1"
source = { registry = "https://pypi.org/simple" }
dependencies = [
    { name = "anyio" },
    { name = "certifi" },
    { name = "httpcore" },
    { name = "idna" },
]
sdist = { url = "https://files.pythonhosted.org/packages/b1/df/48c586a5fe32a0f01324ee087459e112ebb7224f646c0b5023f5e79e9956/httpx-0.28.1.tar.gz", hash = "sha256:75e98c5f16b0f35b567856f597f06ff2270a374470a5c2392242528e3e3e42fc", size = 141406, upload-time = "2024-12-06T15:37:23.222Z" }
wheels = [
    { url = "https://files.pythonhosted.org/packages/2a/39/e50c7c3a983047577ee07d2a9e53faf5a69493943ec3f6a384bdc792deb2/httpx-0.28.1-py3-none-any.whl", hash = "sha256:d909fcccc110f8c7faf814ca82a9a4d816bc5a6dbfea25d6591d6985b8ba59ad", size = 73517, upload-time = "2024-12-06T15:37:21.509Z" },
]

[[package]]
name = "idna"
version = "3.11"
source = { registry = "https://pypi.org/simple" }
sdist = { url = "https://files.pythonhosted.org/packages/6f/6d/0703ccc57f3a7233505399edb88de3cbd678da106337b9fcde432b65ed60/idna-3.11.tar.gz", hash = "sha256:795dafcc9c04ed0c1fb032c2aa73654d8e8c5023a7df64a53f39190ada629902", size = 194582, upload-time = "2025-10-12T14:55:20.501Z" }
wheels = [
    { url = "https://files.pythonhosted.org/packages/0e/61/66938bbb5fc52dbdf84594873d5b51fb1f7c7794e9c0f5bd885f30bc507b/idna-3.11-py3-none-any.whl", hash = "sha256:771a87f49d9defaf64091e6e6fe9c18d4833f140bd19464795bc32d966ca37ea", size = 71008, upload-time = "2025-10-12T14:55:18.883Z" },
]

[[package]]
name = "jiter"
version = "0.14.0"
source = { registry = "https://pypi.org/simple" }
sdist = { url = "https://files.pythonhosted.org/packages/6e/c1/0cddc6eb17d4c53a99840953f95dd3accdc5cfc7a337b0e9b26476276be9/jiter-0.14.0.tar.gz", hash = "sha256:e8a39e66dac7153cf3f964a12aad515afa8d74938ec5cc0018adcdae5367c79e", size = 165725, upload-time = "2026-04-10T14:28:42.01Z" }
wheels = [
    { url = "https://files.pythonhosted.org/packages/4f/1e/354ed92461b165bd581f9ef5150971a572c873ec3b68a916d5aa91da3cc2/jiter-0.14.0-cp314-cp314-macosx_10_12_x86_64.whl", hash = "sha256:6f396837fc7577871ca8c12edaf239ed9ccef3bbe39904ae9b8b63ce0a48b140", size = 315277, upload-time = "2026-04-10T14:27:18.109Z" },
    { url = "https://files.pythonhosted.org/packages/a6/95/8c7c7028aa8636ac21b7a55faef3e34215e6ed0cbf5ae58258427f621aa3/jiter-0.14.0-cp314-cp314-macosx_11_0_arm64.whl", hash = "sha256:a4d50ea3d8ba4176f79754333bd35f1bbcd28e91adc13eb9b7ca91bc52a6cef9", size = 315923, upload-time = "2026-04-10T14:27:19.603Z" },
    { url = "https://files.pythonhosted.org/packages/47/40/e2a852a44c4a089f2681a16611b7ce113224a80fd8504c46d78491b47220/jiter-0.14.0-cp314-cp314-manylinux_2_17_aarch64.manylinux2014_aarch64.whl", hash = "sha256:ce17f8a050447d1b4153bda4fb7d26e6a9e74eb4f4a41913f30934c5075bf615", size = 344943, upload-time = "2026-04-10T14:27:21.262Z" },
    { url = "https://files.pythonhosted.org/packages/fc/1f/670f92adee1e9895eac41e8a4d623b6da68c4d46249d8b556b60b63f949e/jiter-0.14.0-cp314-cp314-manylinux_2_17_armv7l.manylinux2014_armv7l.whl", hash = "sha256:f4f1c4b125e1652aefbc2e2c1617b60a160ab789d180e3d423c41439e5f32850", size = 369725, upload-time = "2026-04-10T14:27:22.766Z" },
    { url = "https://files.pythonhosted.org/packages/01/2f/541c9ba567d05de1c4874a0f8f8c5e3fd78e2b874266623da9a775cf46e0/jiter-0.14.0-cp314-cp314-manylinux_2_17_ppc64le.manylinux2014_ppc64le.whl", hash = "sha256:be808176a6a3a14321d18c603f2d40741858a7c4fc982f83232842689fe86dd9", size = 461210, upload-time = "2026-04-10T14:27:24.315Z" },
    { url = "https://files.pythonhosted.org/packages/ce/a9/c31cbec09627e0d5de7aeaec7690dba03e090caa808fefd8133137cf45bc/jiter-0.14.0-cp314-cp314-manylinux_2_17_s390x.manylinux2014_s390x.whl", hash = "sha256:26679d58ba816f88c3849306dd58cb863a90a1cf352cdd4ef67e30ccf8a77994", size = 380002, upload-time = "2026-04-10T14:27:26.155Z" },
    { url = "https://files.pythonhosted.org/packages/50/02/3c05c1666c41904a2f607475a73e7a4763d1cbde2d18229c4f85b22dc253/jiter-0.14.0-cp314-cp314-manylinux_2_17_x86_64.manylinux2014_x86_64.whl", hash = "sha256:80381f5a19af8fa9aef743f080e34f6b25ebd89656475f8cf0470ec6157052aa", size = 354678, upload-time = "2026-04-10T14:27:27.701Z" },
    { url = "https://files.pythonhosted.org/packages/7d/97/e15b33545c2b13518f560d695f974b9891b311641bdcf178d63177e8801e/jiter-0.14.0-cp314-cp314-manylinux_2_31_riscv64.whl", hash = "sha256:004df5fdb8ecbd6d99f3227df18ba1a259254c4359736a2e6f036c944e02d7c5", size = 358920, upload-time = "2026-04-10T14:27:29.256Z" },
    { url = "https://files.pythonhosted.org/packages/ad/d2/8b1461def6b96ba44530df20d07ef7a1c7da22f3f9bf1727e2d611077bf1/jiter-0.14.0-cp314-cp314-manylinux_2_5_i686.manylinux1_i686.whl", hash = "sha256:cff5708f7ed0fa098f2b53446c6fa74c48469118e5cd7497b4f1cd569ab06928", size = 394512, upload-time = "2026-04-10T14:27:31.344Z" },
    { url = "https://files.pythonhosted.org/packages/e3/88/837566dd6ed6e452e8d3205355afd484ce44b2533edfa4ed73a298ea893e/jiter-0.14.0-cp314-cp314-musllinux_1_1_aarch64.whl", hash = "sha256:2492e5f06c36a976d25c7cc347a60e26d5470178d44cde1b9b75e60b4e519f28", size = 521120, upload-time = "2026-04-10T14:27:33.299Z" },
    { url = "https://files.pythonhosted.org/packages/89/6b/b00b45c4d1b4c031777fe161d620b755b5b02cdade1e316dcb46e4471d63/jiter-0.14.0-cp314-cp314-musllinux_1_1_x86_64.whl", hash = "sha256:7609cfbe3a03d37bfdbf5052012d5a879e72b83168a363deae7b3a26564d57de", size = 553668, upload-time = "2026-04-10T14:27:34.868Z" },
    { url = "https://files.pythonhosted.org/packages/ad/d8/6fe5b42011d19397433d345716eac16728ac241862a2aac9c91923c7509a/jiter-0.14.0-cp314-cp314-win32.whl", hash = "sha256:7282342d32e357543565286b6450378c3cd402eea333fc1ebe146f1fabb306fc", size = 207001, upload-time = "2026-04-10T14:27:36.455Z" },
    { url = "https://files.pythonhosted.org/packages/e5/43/5c2e08da1efad5e410f0eaaabeadd954812612c33fbbd8fd5328b489139d/jiter-0.14.0-cp314-cp314-win_amd64.whl", hash = "sha256:bd77945f38866a448e73b0b7637366afa814d4617790ecd88a18ca74377e6c02", size = 202187, upload-time = "2026-04-10T14:27:38Z" },
    { url = "https://files.pythonhosted.org/packages/aa/1f/6e39ac0b4cdfa23e606af5b245df5f9adaa76f35e0c5096790da430ca506/jiter-0.14.0-cp314-cp314-win_arm64.whl", hash = "sha256:f2d4c61da0821ee42e0cdf5489da60a6d074306313a377c2b35af464955a3611", size = 192257, upload-time = "2026-04-10T14:27:39.504Z" },
    { url = "https://files.pythonhosted.org/packages/05/57/7dbc0ffbbb5176a27e3518716608aa464aee2e2887dc938f0b900a120449/jiter-0.14.0-cp314-cp314t-macosx_11_0_arm64.whl", hash = "sha256:1bf7ff85517dd2f20a5750081d2b75083c1b269cf75afc7511bdf1f9548beb3b", size = 323441, upload-time = "2026-04-10T14:27:41.039Z" },
    { url = "https://files.pythonhosted.org/packages/83/6e/7b3314398d8983f06b557aa21b670511ec72d3b79a68ee5e4d9bff972286/jiter-0.14.0-cp314-cp314t-manylinux_2_17_aarch64.manylinux2014_aarch64.whl", hash = "sha256:c8ef8791c3e78d6c6b157c6d360fbb5c715bebb8113bc6a9303c5caff012754a", size = 348109, upload-time = "2026-04-10T14:27:42.552Z" },
    { url = "https://files.pythonhosted.org/packages/ae/4f/8dc674bcd7db6dba566de73c08c763c337058baff1dbeb34567045b27cdc/jiter-0.14.0-cp314-cp314t-manylinux_2_17_armv7l.manylinux2014_armv7l.whl", hash = "sha256:e74663b8b10da1fe0f4e4703fd7980d24ad17174b6bb35d8498d6e3ebce2ae6a", size = 368328, upload-time = "2026-04-10T14:27:44.574Z" },
    { url = "https://files.pythonhosted.org/packages/3b/5f/188e09a1f20906f98bbdec44ed820e19f4e8eb8aff88b9d1a5a497587ff3/jiter-0.14.0-cp314-cp314t-manylinux_2_17_ppc64le.manylinux2014_ppc64le.whl", hash = "sha256:1aca29ba52913f78362ec9c2da62f22cdc4c3083313403f90c15460979b84d9b", size = 463301, upload-time = "2026-04-10T14:27:46.717Z" },
    { url = "https://files.pythonhosted.org/packages/ac/f0/19046ef965ed8f349e8554775bb12ff4352f443fbe12b95d31f575891256/jiter-0.14.0-cp314-cp314t-manylinux_2_17_s390x.manylinux2014_s390x.whl", hash = "sha256:8b39b7d87a952b79949af5fef44d2544e58c21a28da7f1bae3ef166455c61746", size = 378891, upload-time = "2026-04-10T14:27:48.32Z" },
    { url = "https://files.pythonhosted.org/packages/c4/c3/da43bd8431ee175695777ee78cf0e93eacbb47393ff493f18c45231b427d/jiter-0.14.0-cp314-cp314t-manylinux_2_17_x86_64.manylinux2014_x86_64.whl", hash = "sha256:78d918a68b26e9fab068c2b5453577ef04943ab2807b9a6275df2a812599a310", size = 360749, upload-time = "2026-04-10T14:27:49.88Z" },
    { url = "https://files.pythonhosted.org/packages/72/26/e054771be889707c6161dbdec9c23d33a9ec70945395d70f07cfea1e9a6f/jiter-0.14.0-cp314-cp314t-manylinux_2_31_riscv64.whl", hash = "sha256:b08997c35aee1201c1a5361466a8fb9162d03ae7bf6568df70b6c859f1e654a4", size = 358526, upload-time = "2026-04-10T14:27:51.504Z" },
    { url = "https://files.pythonhosted.org/packages/c3/0f/7bea65ea2a6d91f2bf989ff11a18136644392bf2b0497a1fa50934c30a9c/jiter-0.14.0-cp314-cp314t-manylinux_2_5_i686.manylinux1_i686.whl", hash = "sha256:260bf7ca20704d58d41f669e5e9fe7fe2fa72901a6b324e79056f5d52e9c9be2", size = 393926, upload-time = "2026-04-10T14:27:53.368Z" },
    { url = "https://files.pythonhosted.org/packages/3c/a1/b1ff7d70deef61ac0b7c6c2f12d2ace950cdeecb4fdc94500a0926802857/jiter-0.14.0-cp314-cp314t-musllinux_1_1_aarch64.whl", hash = "sha256:37826e3df29e60f30a382f9294348d0238ef127f4b5d7f5f8da78b5b9e050560", size = 521052, upload-time = "2026-04-10T14:27:55.058Z" },
    { url = "https://files.pythonhosted.org/packages/0b/7b/3b0649983cbaf15eda26a414b5b1982e910c67bd6f7b1b490f3cfc76896a/jiter-0.14.0-cp314-cp314t-musllinux_1_1_x86_64.whl", hash = "sha256:645be49c46f2900937ba0eaf871ad5183c96858c0af74b6becc7f4e367e36e06", size = 553716, upload-time = "2026-04-10T14:27:57.269Z" },
    { url = "https://files.pythonhosted.org/packages/97/f8/33d78c83bd93ae0c0af05293a6660f88a1977caef39a6d72a84afab94ce0/jiter-0.14.0-cp314-cp314t-win32.whl", hash = "sha256:2f7877ed45118de283786178eceaf877110abacd04fde31efff3940ae9672674", size = 207957, upload-time = "2026-04-10T14:27:59.285Z" },
    { url = "https://files.pythonhosted.org/packages/d6/ac/2b760516c03e2227826d1f7025d89bf6bf6357a28fe75c2a2800873c50bf/jiter-0.14.0-cp314-cp314t-win_amd64.whl", hash = "sha256:14c0cb10337c49f5eafe8e7364daca5e29a020ea03580b8f8e6c597fed4e1588", size = 204690, upload-time = "2026-04-10T14:28:00.962Z" },
    { url = "https://files.pythonhosted.org/packages/dc/2e/a44c20c58aeed0355f2d326969a181696aeb551a25195f47563908a815be/jiter-0.14.0-cp314-cp314t-win_arm64.whl", hash = "sha256:5419d4aa2024961da9fe12a9cfe7484996735dca99e8e090b5c88595ef1951ff", size = 191338, upload-time = "2026-04-10T14:28:02.853Z" },
]

[[package]]
name = "openai"
version = "2.32.0"
source = { registry = "https://pypi.org/simple" }
dependencies = [
    { name = "anyio" },
    { name = "distro" },
    { name = "httpx" },
    { name = "jiter" },
    { name = "pydantic" },
    { name = "sniffio" },
    { name = "tqdm" },
    { name = "typing-extensions" },
]
sdist = { url = "https://files.pythonhosted.org/packages/ed/59/bdcc6b759b8c42dd73afaf5bf8f902c04b37987a5514dbc1c64dba390fef/openai-2.32.0.tar.gz", hash = "sha256:c54b27a9e4cb8d51f0dd94972ffd1a04437efeb259a9e60d8922b8bd26fe55e0", size = 693286, upload-time = "2026-04-15T22:28:19.434Z" }
wheels = [
    { url = "https://files.pythonhosted.org/packages/1e/c1/d6e64ccd0536bf616556f0cad2b6d94a8125f508d25cfd814b1d2db4e2f1/openai-2.32.0-py3-none-any.whl", hash = "sha256:4dcc9badeb4bf54ad0d187453742f290226d30150890b7890711bda4f32f192f", size = 1162570, upload-time = "2026-04-15T22:28:17.714Z" },
]

[[package]]
name = "pydantic"
version = "2.13.1"
source = { registry = "https://pypi.org/simple" }
dependencies = [
    { name = "annotated-types" },
    { name = "pydantic-core" },
    { name = "typing-extensions" },
    { name = "typing-inspection" },
]
sdist = { url = "https://files.pythonhosted.org/packages/f3/6b/1353beb3d1cd5cf61cdec5b6f87a9872399de3bc5cae0b7ce07ff4de2ab0/pydantic-2.13.1.tar.gz", hash = "sha256:a0f829b279ddd1e39291133fe2539d2aa46cc6b150c1706a270ff0879e3774d2", size = 843746, upload-time = "2026-04-15T14:57:19.398Z" }
wheels = [
    { url = "https://files.pythonhosted.org/packages/81/5a/2225f4c176dbfed0d809e848b50ef08f70e61daa667b7fa14b0d311ae44d/pydantic-2.13.1-py3-none-any.whl", hash = "sha256:9557ecc2806faaf6037f85b1fbd963d01e30511c48085f0d573650fdeaad378a", size = 471917, upload-time = "2026-04-15T14:57:17.277Z" },
]

[[package]]
name = "pydantic-core"
version = "2.46.1"
source = { registry = "https://pypi.org/simple" }
dependencies = [
    { name = "typing-extensions" },
]
sdist = { url = "https://files.pythonhosted.org/packages/a1/93/f97a86a7eb28faa1d038af2fd5d6166418b4433659108a4c311b57128b2d/pydantic_core-2.46.1.tar.gz", hash = "sha256:d408153772d9f298098fb5d620f045bdf0f017af0d5cb6e309ef8c205540caa4", size = 471230, upload-time = "2026-04-15T14:49:34.52Z" }
wheels = [
    { url = "https://files.pythonhosted.org/packages/bd/2b/6793fe89ab66cb2d3d6e5768044eab80bba1d0fae8fd904d0a1574712e17/pydantic_core-2.46.1-cp314-cp314-macosx_10_12_x86_64.whl", hash = "sha256:9917cb61effac7ec0f448ef491ec7584526d2193be84ff981e85cbf18b68c42a", size = 2118110, upload-time = "2026-04-15T14:50:52.947Z" },
    { url = "https://files.pythonhosted.org/packages/d2/87/e9a905ddfcc2fd7bd862b340c02be6ab1f827922822d425513635d0ac774/pydantic_core-2.46.1-cp314-cp314-macosx_11_0_arm64.whl", hash = "sha256:0e749679ca9f8a9d0bff95fb7f6b57bb53f2207fa42ffcc1ec86de7e0029ab89", size = 1948645, upload-time = "2026-04-15T14:51:55.577Z" },
    { url = "https://files.pythonhosted.org/packages/15/23/26e67f86ed62ac9d6f7f3091ee5220bf14b5ac36fb811851d601365ef896/pydantic_core-2.46.1-cp314-cp314-manylinux_2_17_aarch64.manylinux2014_aarch64.whl", hash = "sha256:f2ecacee70941e233a2dad23f7796a06f86cc10cc2fbd1c97c7dd5b5a79ffa4f", size = 1977576, upload-time = "2026-04-15T14:49:37.58Z" },
    { url = "https://files.pythonhosted.org/packages/b8/78/813c13c0de323d4de54ee2e6fdd69a0271c09ac8dd65a8a000931aa487a5/pydantic_core-2.46.1-cp314-cp314-manylinux_2_17_armv7l.manylinux2014_armv7l.whl", hash = "sha256:647d0a2475b8ed471962eed92fa69145b864942f9c6daa10f95ac70676637ae7", size = 2060358, upload-time = "2026-04-15T14:51:40.087Z" },
    { url = "https://files.pythonhosted.org/packages/09/5e/4caf2a15149271fbd2b4d968899a450853c800b85152abcf54b11531417f/pydantic_core-2.46.1-cp314-cp314-manylinux_2_17_ppc64le.manylinux2014_ppc64le.whl", hash = "sha256:ac9cde61965b0697fce6e6cc372df9e1ad93734828aac36e9c1c42a22ad02897", size = 2235980, upload-time = "2026-04-15T14:50:34.535Z" },
    { url = "https://files.pythonhosted.org/packages/c2/c1/a2cdabb5da6f5cb63a3558bcafffc20f790fa14ccffbefbfb1370fadc93f/pydantic_core-2.46.1-cp314-cp314-manylinux_2_17_s390x.manylinux2014_s390x.whl", hash = "sha256:0a2eb0864085f8b641fb3f54a2fb35c58aff24b175b80bc8a945050fcde03204", size = 2316800, upload-time = "2026-04-15T14:52:46.999Z" },
    { url = "https://files.pythonhosted.org/packages/76/fd/19d711e4e9331f9d77f222bffc202bf30ea0d74f6419046376bb82f244c8/pydantic_core-2.46.1-cp314-cp314-manylinux_2_17_x86_64.manylinux2014_x86_64.whl", hash = "sha256:b83ce9fede4bc4fb649281d9857f06d30198b8f70168f18b987518d713111572", size = 2101762, upload-time = "2026-04-15T14:49:24.278Z" },
    { url = "https://files.pythonhosted.org/packages/dc/64/ce95625448e1a4e219390a2923fd594f3fa368599c6b42ac71a5df7238c9/pydantic_core-2.46.1-cp314-cp314-manylinux_2_31_riscv64.whl", hash = "sha256:cb33192753c60f269d2f4a1db8253c95b0df6e04f2989631a8cc1b0f4f6e2e92", size = 2167737, upload-time = "2026-04-15T14:50:41.637Z" },
    { url = "https://files.pythonhosted.org/packages/ad/31/413572d03ca3e73b408f00f54418b91a8be6401451bc791eaeff210328e5/pydantic_core-2.46.1-cp314-cp314-manylinux_2_5_i686.manylinux1_i686.whl", hash = "sha256:96611d51f953f87e1ae97637c01ee596a08b7f494ea00a5afb67ea6547b9f53b", size = 2185658, upload-time = "2026-04-15T14:51:46.799Z" },
    { url = "https://files.pythonhosted.org/packages/36/09/e4f581353bdf3f0c7de8a8b27afd14fc761da29d78146376315a6fedc487/pydantic_core-2.46.1-cp314-cp314-musllinux_1_1_aarch64.whl", hash = "sha256:9b176fa55f9107db5e6c86099aa5bfd934f1d3ba6a8b43f714ddeebaed3f42b7", size = 2184154, upload-time = "2026-04-15T14:52:49.629Z" },
    { url = "https://files.pythonhosted.org/packages/1a/a4/d0d52849933f5a4bf1ad9d8da612792f96469b37e286a269e3ee9c60bbb1/pydantic_core-2.46.1-cp314-cp314-musllinux_1_1_armv7l.whl", hash = "sha256:79a59f63a4ce4f3330e27e6f3ce281dd1099453b637350e97d7cf24c207cd120", size = 2332379, upload-time = "2026-04-15T14:49:55.009Z" },
    { url = "https://files.pythonhosted.org/packages/30/93/25bfb08fdbef419f73290e573899ce938a327628c34e8f3a4bafeea30126/pydantic_core-2.46.1-cp314-cp314-musllinux_1_1_x86_64.whl", hash = "sha256:f200fce071808a385a314b7343f5e3688d7c45746be3d64dc71ee2d3e2a13268", size = 2377964, upload-time = "2026-04-15T14:51:59.649Z" },
    { url = "https://files.pythonhosted.org/packages/15/36/b777766ff83fef1cf97473d64764cd44f38e0d8c269ed06faace9ae17666/pydantic_core-2.46.1-cp314-cp314-win32.whl", hash = "sha256:3a07eccc0559fb9acc26d55b16bf8ebecd7f237c74a9e2c5741367db4e6d8aff", size = 1976450, upload-time = "2026-04-15T14:51:57.665Z" },
    { url = "https://files.pythonhosted.org/packages/7b/4b/4cd19d2437acfc18ca166db5a2067040334991eb862c4ecf2db098c91fbf/pydantic_core-2.46.1-cp314-cp314-win_amd64.whl", hash = "sha256:1706d270309ac7d071ffe393988c471363705feb3d009186e55d17786ada9622", size = 2067750, upload-time = "2026-04-15T14:49:38.941Z" },
    { url = "https://files.pythonhosted.org/packages/7f/a0/490751c0ef8f5b27aae81731859aed1508e72c1a9b5774c6034269db773b/pydantic_core-2.46.1-cp314-cp314-win_arm64.whl", hash = "sha256:22d4e7457ade8af06528012f382bc994a97cc2ce6e119305a70b3deff1e409d6", size = 2021109, upload-time = "2026-04-15T14:50:27.728Z" },
    { url = "https://files.pythonhosted.org/packages/36/3a/2a018968245fffd25d5f1972714121ad309ff2de19d80019ad93494844f9/pydantic_core-2.46.1-cp314-cp314t-macosx_10_12_x86_64.whl", hash = "sha256:607ff9db0b7e2012e7eef78465e69f9a0d7d1c3e7c6a84cf0c4011db0fcc3feb", size = 2111548, upload-time = "2026-04-15T14:52:08.273Z" },
    { url = "https://files.pythonhosted.org/packages/77/5b/4103b6192213217e874e764e5467d2ff10d8873c1147d01fa432ac281880/pydantic_core-2.46.1-cp314-cp314t-macosx_11_0_arm64.whl", hash = "sha256:8cda3eacaea13bd02a1bea7e457cc9fc30b91c5a91245cef9b215140f80dd78c", size = 1926745, upload-time = "2026-04-15T14:50:03.045Z" },
    { url = "https://files.pythonhosted.org/packages/c3/70/602a667cf4be4bec6c3334512b12ae4ea79ce9bfe41dc51be1fd34434453/pydantic_core-2.46.1-cp314-cp314t-manylinux_2_17_aarch64.manylinux2014_aarch64.whl", hash = "sha256:b9493279cdc7997fe19e5ed9b41f30cbc3806bd4722adb402fedb6f6d41bd72a", size = 1965922, upload-time = "2026-04-15T14:51:12.555Z" },
    { url = "https://files.pythonhosted.org/packages/a9/24/06a89ce5323e755b7d2812189f9706b87aaebe49b34d247b380502f7992c/pydantic_core-2.46.1-cp314-cp314t-manylinux_2_17_armv7l.manylinux2014_armv7l.whl", hash = "sha256:3644e5e10059999202355b6c6616e624909e23773717d8f76deb8a6e2a72328c", size = 2043221, upload-time = "2026-04-15T14:51:18.995Z" },
    { url = "https://files.pythonhosted.org/packages/2c/6e/b1d9ad907d9d76964903903349fd2e33c87db4b993cc44713edcad0fc488/pydantic_core-2.46.1-cp314-cp314t-manylinux_2_17_ppc64le.manylinux2014_ppc64le.whl", hash = "sha256:4ad6c9de57683e26c92730991960c0c3571b8053263b042de2d3e105930b2767", size = 2243655, upload-time = "2026-04-15T14:50:10.718Z" },
    { url = "https://files.pythonhosted.org/packages/ef/73/787abfaad51174641abb04c8aa125322279b40ad7ce23c495f5a69f76554/pydantic_core-2.46.1-cp314-cp314t-manylinux_2_17_s390x.manylinux2014_s390x.whl", hash = "sha256:557ebaa27c7617e7088002318c679a8ce685fa048523417cd1ca52b7f516d955", size = 2295976, upload-time = "2026-04-15T14:53:09.694Z" },
    { url = "https://files.pythonhosted.org/packages/56/0b/b7c5a631b6d5153d4a1ea4923b139aea256dc3bd99c8e6c7b312c7733146/pydantic_core-2.46.1-cp314-cp314t-manylinux_2_17_x86_64.manylinux2014_x86_64.whl", hash = "sha256:3cd37e39b22b796ba0298fe81e9421dd7b65f97acfbb0fb19b33ffdda7b9a7b4", size = 2103439, upload-time = "2026-04-15T14:50:08.32Z" },
    { url = "https://files.pythonhosted.org/packages/2a/3f/952ee470df69e5674cdec1cbde22331adf643b5cc2ff79f4292d80146ee4/pydantic_core-2.46.1-cp314-cp314t-manylinux_2_31_riscv64.whl", hash = "sha256:6689443b59714992e67d62505cdd2f952d6cf1c14cc9fd9aeec6719befc6f23b", size = 2132871, upload-time = "2026-04-15T14:50:24.445Z" },
    { url = "https://files.pythonhosted.org/packages/e3/8b/1dea3b1e683c60c77a60f710215f90f486755962aa8939dbcb7c0f975ac3/pydantic_core-2.46.1-cp314-cp314t-manylinux_2_5_i686.manylinux1_i686.whl", hash = "sha256:6f32c41ca1e3456b5dd691827b7c1433c12d5f0058cc186afbb3615bc07d97b8", size = 2168658, upload-time = "2026-04-15T14:52:24.897Z" },
    { url = "https://files.pythonhosted.org/packages/67/97/32ae283810910d274d5ba9f48f856f5f2f612410b78b249f302d297816f5/pydantic_core-2.46.1-cp314-cp314t-musllinux_1_1_aarch64.whl", hash = "sha256:88cd1355578852db83954dc36e4f58f299646916da976147c20cf6892ba5dc43", size = 2171184, upload-time = "2026-04-15T14:52:34.854Z" },
    { url = "https://files.pythonhosted.org/packages/a2/57/c9a855527fe56c2072070640221f53095b0b19eaf651f3c77643c9cabbe3/pydantic_core-2.46.1-cp314-cp314t-musllinux_1_1_armv7l.whl", hash = "sha256:a170fefdb068279a473cc9d34848b85e61d68bfcc2668415b172c5dfc6f213bf", size = 2316573, upload-time = "2026-04-15T14:52:12.871Z" },
    { url = "https://files.pythonhosted.org/packages/37/b3/14c39ffc7399819c5448007c7bcb4e6da5669850cfb7dcbb727594290b48/pydantic_core-2.46.1-cp314-cp314t-musllinux_1_1_x86_64.whl", hash = "sha256:556a63ff1006934dba4eed7ea31b58274c227e29298ec398e4275eda4b905e95", size = 2378340, upload-time = "2026-04-15T14:51:02.619Z" },
    { url = "https://files.pythonhosted.org/packages/01/55/a37461fbb29c053ea4e62cfc5c2d56425cb5efbef8316e63f6d84ae45718/pydantic_core-2.46.1-cp314-cp314t-win32.whl", hash = "sha256:3b146d8336a995f7d7da6d36e4a779b7e7dff2719ac00a1eb8bd3ded00bec87b", size = 1960843, upload-time = "2026-04-15T14:52:06.103Z" },
    { url = "https://files.pythonhosted.org/packages/22/d7/97e1221197d17a27f768363f87ec061519eeeed15bbd315d2e9d1429ff03/pydantic_core-2.46.1-cp314-cp314t-win_amd64.whl", hash = "sha256:f1bc856c958e6fe9ec071e210afe6feb695f2e2e81fd8d2b102f558d364c4c17", size = 2048696, upload-time = "2026-04-15T14:52:52.154Z" },
    { url = "https://files.pythonhosted.org/packages/19/d5/4eac95255c7d35094b46a32ec1e4d80eac94729c694726ee1d69948bd5f0/pydantic_core-2.46.1-cp314-cp314t-win_arm64.whl", hash = "sha256:21a5bfd8a1aa4de60494cdf66b0c912b1495f26a8899896040021fbd6038d989", size = 2022343, upload-time = "2026-04-15T14:49:49.036Z" },
]

[[package]]
name = "python-dotenv"
version = "1.2.2"
source = { registry = "https://pypi.org/simple" }
sdist = { url = "https://files.pythonhosted.org/packages/82/ed/0301aeeac3e5353ef3d94b6ec08bbcabd04a72018415dcb29e588514bba8/python_dotenv-1.2.2.tar.gz", hash = "sha256:2c371a91fbd7ba082c2c1dc1f8bf89ca22564a087c2c287cd9b662adde799cf3", size = 50135, upload-time = "2026-03-01T16:00:26.196Z" }
wheels = [
    { url = "https://files.pythonhosted.org/packages/0b/d7/1959b9648791274998a9c3526f6d0ec8fd2233e4d4acce81bbae76b44b2a/python_dotenv-1.2.2-py3-none-any.whl", hash = "sha256:1d8214789a24de455a8b8bd8ae6fe3c6b69a5e3d64aa8a8e5d68e694bbcb285a", size = 22101, upload-time = "2026-03-01T16:00:25.09Z" },
]

[[package]]
name = "sniffio"
version = "1.3.1"
source = { registry = "https://pypi.org/simple" }
sdist = { url = "https://files.pythonhosted.org/packages/a2/87/a6771e1546d97e7e041b6ae58d80074f81b7d5121207425c964ddf5cfdbd/sniffio-1.3.1.tar.gz", hash = "sha256:f4324edc670a0f49750a81b895f35c3adb843cca46f0530f79fc1babb23789dc", size = 20372, upload-time = "2024-02-25T23:20:04.057Z" }
wheels = [
    { url = "https://files.pythonhosted.org/packages/e9/44/75a9c9421471a6c4805dbf2356f7c181a29c1879239abab1ea2cc8f38b40/sniffio-1.3.1-py3-none-any.whl", hash = "sha256:2f6da418d1f1e0fddd844478f41680e794e6051915791a034ff65e5f100525a2", size = 10235, upload-time = "2024-02-25T23:20:01.196Z" },
]

[[package]]
name = "tqdm"
version = "4.67.3"
source = { registry = "https://pypi.org/simple" }
dependencies = [
    { name = "colorama", marker = "sys_platform == 'win32'" },
]
sdist = { url = "https://files.pythonhosted.org/packages/09/a9/6ba95a270c6f1fbcd8dac228323f2777d886cb206987444e4bce66338dd4/tqdm-4.67.3.tar.gz", hash = "sha256:7d825f03f89244ef73f1d4ce193cb1774a8179fd96f31d7e1dcde62092b960bb", size = 169598, upload-time = "2026-02-03T17:35:53.048Z" }
wheels = [
    { url = "https://files.pythonhosted.org/packages/16/e1/3079a9ff9b8e11b846c6ac5c8b5bfb7ff225eee721825310c91b3b50304f/tqdm-4.67.3-py3-none-any.whl", hash = "sha256:ee1e4c0e59148062281c49d80b25b67771a127c85fc9676d3be5f243206826bf", size = 78374, upload-time = "2026-02-03T17:35:50.982Z" },
]

[[package]]
name = "typing-extensions"
version = "4.15.0"
source = { registry = "https://pypi.org/simple" }
sdist = { url = "https://files.pythonhosted.org/packages/72/94/1a15dd82efb362ac84269196e94cf00f187f7ed21c242792a923cdb1c61f/typing_extensions-4.15.0.tar.gz", hash = "sha256:0cea48d173cc12fa28ecabc3b837ea3cf6f38c6d1136f85cbaaf598984861466", size = 109391, upload-time = "2025-08-25T13:49:26.313Z" }
wheels = [
    { url = "https://files.pythonhosted.org/packages/18/67/36e9267722cc04a6b9f15c7f3441c2363321a3ea07da7ae0c0707beb2a9c/typing_extensions-4.15.0-py3-none-any.whl", hash = "sha256:f0fa19c6845758ab08074a0cfa8b7aecb71c999ca73d62883bc25cc018c4e548", size = 44614, upload-time = "2025-08-25T13:49:24.86Z" },
]

[[package]]
name = "typing-inspection"
version = "0.4.2"
source = { registry = "https://pypi.org/simple" }
dependencies = [
    { name = "typing-extensions" },
]
sdist = { url = "https://files.pythonhosted.org/packages/55/e3/70399cb7dd41c10ac53367ae42139cf4b1ca5f36bb3dc6c9d33acdb43655/typing_inspection-0.4.2.tar.gz", hash = "sha256:ba561c48a67c5958007083d386c3295464928b01faa735ab8547c5692e87f464", size = 75949, upload-time = "2025-10-01T02:14:41.687Z" }
wheels = [
    { url = "https://files.pythonhosted.org/packages/dc/9b/47798a6c91d8bdb567fe2698fe81e0c6b7cb7ef4d13da4114b41d239f65d/typing_inspection-0.4.2-py3-none-any.whl", hash = "sha256:4ed1cacbdc298c220f1bd249ed5287caa16f34d44ef4e9c3d0cbad5b521545e7", size = 14611, upload-time = "2025-10-01T02:14:40.154Z" },
]
